
Microsoft Visual Studio Solution File, Format Version 11.00
# Visual Studio 2010
Project("{C8D11400-126E-41CD-887F-60BD40844F9E}") = "db.micajah.fileservice", "db.micajah.fileservice\db.micajah.fileservice.dbproj", "{67CBC824-A49E-4E9B-A947-360F3DFE65C3}"
EndProject
Project("{C8D11400-126E-41CD-887F-60BD40844F9E}") = "db.micajah.fileservice.client", "db.micajah.fileservice.client\db.micajah.fileservice.client.dbproj", "{46A9B591-9552-429B-8BD9-B12238E4ACEC}"
EndProject
Project("{FAE04EC0-301F-11D3-BF4B-00C04F79EFBC}") = "dal.micajah.fileservice", "dal.micajah.fileservice\dal.micajah.fileservice.csproj", "{465FD412-936C-4E08-808E-72B3D5E97605}"
EndProject
Project("{FAE04EC0-301F-11D3-BF4B-00C04F79EFBC}") = "lib.micajah.fileservice.client", "lib.micajah.fileservice.client\lib.micajah.fileservice.client.csproj", "{F288F4C6-1D31-4A9D-A731-89749F7EFA47}"
EndProject
Project("{E24C65DC-7377-472B-9ABA-BC803B73C61A}") = "web.micajah.fileservice", "web.micajah.fileservice", "{12BE3DE3-6F7F-4796-85F8-B4EA77A8C5EB}"
	ProjectSection(WebsiteProperties) = preProject
		SccProjectName = ""
		SccAuxPath = ""
		SccLocalPath = ""
		SccProvider = ""
		TargetFrameworkMoniker = ".NETFramework,Version%3Dv3.5"
		ProjectReferences = "{465FD412-936C-4E08-808E-72B3D5E97605}|dal.micajah.fileservice.dll;"
		Debug.AspNetCompiler.VirtualPath = "/web.micajah.fileservice"
		Debug.AspNetCompiler.PhysicalPath = "web.micajah.fileservice\"
		Debug.AspNetCompiler.TargetPath = "PrecompiledWeb\web.micajah.fileservice\"
		Debug.AspNetCompiler.Updateable = "true"
		Debug.AspNetCompiler.ForceOverwrite = "true"
		Debug.AspNetCompiler.FixedNames = "true"
		Debug.AspNetCompiler.Debug = "True"
		Release.AspNetCompiler.VirtualPath = "/web.micajah.fileservice"
		Release.AspNetCompiler.PhysicalPath = "web.micajah.fileservice\"
		Release.AspNetCompiler.TargetPath = "PrecompiledWeb\web.micajah.fileservice\"
		Release.AspNetCompiler.Updateable = "true"
		Release.AspNetCompiler.ForceOverwrite = "true"
		Release.AspNetCompiler.FixedNames = "true"
		Release.AspNetCompiler.Debug = "False"
		VWDPort = "1572"
	EndProjectSection
EndProject
Project("{E24C65DC-7377-472B-9ABA-BC803B73C61A}") = "web.micajah.fileservice.client", "web.micajah.fileservice.client", "{B9D8527F-BE40-4E98-984D-DB10E6F580DC}"
	ProjectSection(WebsiteProperties) = preProject
		SccProjectName = ""
		SccAuxPath = ""
		SccLocalPath = ""
		SccProvider = ""
		TargetFrameworkMoniker = ".NETFramework,Version%3Dv3.5"
		ProjectReferences = "{F288F4C6-1D31-4A9D-A731-89749F7EFA47}|Micajah.FileService.dll;"
		Debug.AspNetCompiler.VirtualPath = "/web.micajah.fileservice.client"
		Debug.AspNetCompiler.PhysicalPath = "web.micajah.fileservice.client\"
		Debug.AspNetCompiler.TargetPath = "PrecompiledWeb\web.micajah.fileservice.client\"
		Debug.AspNetCompiler.Updateable = "true"
		Debug.AspNetCompiler.ForceOverwrite = "true"
		Debug.AspNetCompiler.FixedNames = "true"
		Debug.AspNetCompiler.Debug = "True"
		Release.AspNetCompiler.VirtualPath = "/web.micajah.fileservice.client"
		Release.AspNetCompiler.PhysicalPath = "web.micajah.fileservice.client\"
		Release.AspNetCompiler.TargetPath = "PrecompiledWeb\web.micajah.fileservice.client\"
		Release.AspNetCompiler.Updateable = "true"
		Release.AspNetCompiler.ForceOverwrite = "true"
		Release.AspNetCompiler.FixedNames = "true"
		Release.AspNetCompiler.Debug = "False"
		VWDPort = "1573"
	EndProjectSection
EndProject
Project("{E24C65DC-7377-472B-9ABA-BC803B73C61A}") = "web.micajah.fileservice.management", "web.micajah.fileservice.management", "{A635A44F-CD3D-4667-805E-8FA2B5D06E02}"
	ProjectSection(WebsiteProperties) = preProject
		SccProjectName = ""
		SccAuxPath = ""
		SccLocalPath = ""
		SccProvider = ""
		TargetFrameworkMoniker = ".NETFramework,Version%3Dv3.5"
		ProjectReferences = "{465FD412-936C-4E08-808E-72B3D5E97605}|dal.micajah.fileservice.dll;"
		Debug.AspNetCompiler.VirtualPath = "/web.micajah.fileservice.management"
		Debug.AspNetCompiler.PhysicalPath = "web.micajah.fileservice.management\"
		Debug.AspNetCompiler.TargetPath = "PrecompiledWeb\web.micajah.fileservice.management\"
		Debug.AspNetCompiler.Updateable = "true"
		Debug.AspNetCompiler.ForceOverwrite = "true"
		Debug.AspNetCompiler.FixedNames = "true"
		Debug.AspNetCompiler.Debug = "True"
		Release.AspNetCompiler.VirtualPath = "/web.micajah.fileservice.management"
		Release.AspNetCompiler.PhysicalPath = "web.micajah.fileservice.management\"
		Release.AspNetCompiler.TargetPath = "PrecompiledWeb\web.micajah.fileservice.management\"
		Release.AspNetCompiler.Updateable = "true"
		Release.AspNetCompiler.ForceOverwrite = "true"
		Release.AspNetCompiler.FixedNames = "true"
		Release.AspNetCompiler.Debug = "False"
		VWDPort = "1574"
	EndProjectSection
EndProject
Global
	GlobalSection(SolutionConfigurationPlatforms) = preSolution
		Debug|Any CPU = Debug|Any CPU
		Release|Any CPU = Release|Any CPU
	EndGlobalSection
	GlobalSection(ProjectConfigurationPlatforms) = postSolution
		{67CBC824-A49E-4E9B-A947-360F3DFE65C3}.Debug|Any CPU.ActiveCfg = Debug|Any CPU
		{67CBC824-A49E-4E9B-A947-360F3DFE65C3}.Release|Any CPU.ActiveCfg = Release|Any CPU
		{46A9B591-9552-429B-8BD9-B12238E4ACEC}.Debug|Any CPU.ActiveCfg = Debug|Any CPU
		{46A9B591-9552-429B-8BD9-B12238E4ACEC}.Release|Any CPU.ActiveCfg = Release|Any CPU
		{465FD412-936C-4E08-808E-72B3D5E97605}.Debug|Any CPU.ActiveCfg = Debug|Any CPU
		{465FD412-936C-4E08-808E-72B3D5E97605}.Debug|Any CPU.Build.0 = Debug|Any CPU
		{465FD412-936C-4E08-808E-72B3D5E97605}.Release|Any CPU.ActiveCfg = Release|Any CPU
		{465FD412-936C-4E08-808E-72B3D5E97605}.Release|Any CPU.Build.0 = Release|Any CPU
		{F288F4C6-1D31-4A9D-A731-89749F7EFA47}.Debug|Any CPU.ActiveCfg = Debug|Any CPU
		{F288F4C6-1D31-4A9D-A731-89749F7EFA47}.Debug|Any CPU.Build.0 = Debug|Any CPU
		{F288F4C6-1D31-4A9D-A731-89749F7EFA47}.Release|Any CPU.ActiveCfg = Release|Any CPU
		{F288F4C6-1D31-4A9D-A731-89749F7EFA47}.Release|Any CPU.Build.0 = Release|Any CPU
		{12BE3DE3-6F7F-4796-85F8-B4EA77A8C5EB}.Debug|Any CPU.ActiveCfg = Debug|Any CPU
		{12BE3DE3-6F7F-4796-85F8-B4EA77A8C5EB}.Debug|Any CPU.Build.0 = Debug|Any CPU
		{12BE3DE3-6F7F-4796-85F8-B4EA77A8C5EB}.Release|Any CPU.ActiveCfg = Debug|Any CPU
		{12BE3DE3-6F7F-4796-85F8-B4EA77A8C5EB}.Release|Any CPU.Build.0 = Debug|Any CPU
		{B9D8527F-BE40-4E98-984D-DB10E6F580DC}.Debug|Any CPU.ActiveCfg = Debug|Any CPU
		{B9D8527F-BE40-4E98-984D-DB10E6F580DC}.Debug|Any CPU.Build.0 = Debug|Any CPU
		{B9D8527F-BE40-4E98-984D-DB10E6F580DC}.Release|Any CPU.ActiveCfg = Debug|Any CPU
		{B9D8527F-BE40-4E98-984D-DB10E6F580DC}.Release|Any CPU.Build.0 = Debug|Any CPU
		{A635A44F-CD3D-4667-805E-8FA2B5D06E02}.Debug|Any CPU.ActiveCfg = Debug|Any CPU
		{A635A44F-CD3D-4667-805E-8FA2B5D06E02}.Debug|Any CPU.Build.0 = Debug|Any CPU
		{A635A44F-CD3D-4667-805E-8FA2B5D06E02}.Release|Any CPU.ActiveCfg = Debug|Any CPU
		{A635A44F-CD3D-4667-805E-8FA2B5D06E02}.Release|Any CPU.Build.0 = Debug|Any CPU
	EndGlobalSection
	GlobalSection(SolutionProperties) = preSolution
		HideSolutionNode = FALSE
	EndGlobalSection
EndGlobal
