
Microsoft Visual Studio Solution File, Format Version 12.00
# Visual Studio 2012
Project("{FAE04EC0-301F-11D3-BF4B-00C04F79EFBC}") = "UpdateChecksum", "UpdateChecksum\UpdateChecksum.csproj", "{E80CDB0B-C62D-4060-AA22-27492E2E29B6}"
EndProject
Project("{FAE04EC0-301F-11D3-BF4B-00C04F79EFBC}") = "lib.micajah.fileservice.client", "..\..\lib.micajah.fileservice.client\lib.micajah.fileservice.client.csproj", "{F288F4C6-1D31-4A9D-A731-89749F7EFA47}"
EndProject
Global
	GlobalSection(SolutionConfigurationPlatforms) = preSolution
		Debug|Any CPU = Debug|Any CPU
		Release|Any CPU = Release|Any CPU
	EndGlobalSection
	GlobalSection(ProjectConfigurationPlatforms) = postSolution
		{E80CDB0B-C62D-4060-AA22-27492E2E29B6}.Debug|Any CPU.ActiveCfg = Debug|Any CPU
		{E80CDB0B-C62D-4060-AA22-27492E2E29B6}.Debug|Any CPU.Build.0 = Debug|Any CPU
		{E80CDB0B-C62D-4060-AA22-27492E2E29B6}.Release|Any CPU.ActiveCfg = Release|Any CPU
		{E80CDB0B-C62D-4060-AA22-27492E2E29B6}.Release|Any CPU.Build.0 = Release|Any CPU
		{F288F4C6-1D31-4A9D-A731-89749F7EFA47}.Debug|Any CPU.ActiveCfg = Debug|Any CPU
		{F288F4C6-1D31-4A9D-A731-89749F7EFA47}.Debug|Any CPU.Build.0 = Debug|Any CPU
		{F288F4C6-1D31-4A9D-A731-89749F7EFA47}.Release|Any CPU.ActiveCfg = Release|Any CPU
		{F288F4C6-1D31-4A9D-A731-89749F7EFA47}.Release|Any CPU.Build.0 = Release|Any CPU
	EndGlobalSection
	GlobalSection(SolutionProperties) = preSolution
		HideSolutionNode = FALSE
	EndGlobalSection
EndGlobal
